// !$*UTF8*$!
{
	archiveVersion = 1;
	classes = {
	};
	objectVersion = 46;
	objects = {

/* Begin PBXBuildFile section */
		46FD92CE1A9AD0A70028A385 /* Main.storyboard in Resources */ = {isa = PBXBuildFile; fileRef = 67FD945E1A4D250C00D6BFA8 /* Main.storyboard */; };
		5E0B1EB722B74EA700DB0BC9 /* Branchsters.entitlements in Resources */ = {isa = PBXBuildFile; fileRef = 5E0FD4A322B748A6006E7C72 /* Branchsters.entitlements */; };
		5E0B1EBC22B759D100DB0BC9 /* Branch.framework in Frameworks */ = {isa = PBXBuildFile; fileRef = 5E0B1EBB22B759D100DB0BC9 /* Branch.framework */; settings = {ATTRIBUTES = (Required, ); }; };
		5E0B1EC022B75D1D00DB0BC9 /* Branch.framework in Embed Frameworks */ = {isa = PBXBuildFile; fileRef = 5E0B1EB922B7598E00DB0BC9 /* Branch.framework */; settings = {ATTRIBUTES = (CodeSignOnCopy, RemoveHeadersOnCopy, ); }; };
		5E0FD44722B737CD006E7C72 /* Icon-Small-50@2x.png in Resources */ = {isa = PBXBuildFile; fileRef = 5E0FD41A22B737CD006E7C72 /* Icon-Small-50@2x.png */; };
		5E0FD44822B737CD006E7C72 /* Icon@2x.png in Resources */ = {isa = PBXBuildFile; fileRef = 5E0FD41B22B737CD006E7C72 /* Icon@2x.png */; };
		5E0FD44922B737CD006E7C72 /* Icon-Small.png in Resources */ = {isa = PBXBuildFile; fileRef = 5E0FD41C22B737CD006E7C72 /* Icon-Small.png */; };
		5E0FD44A22B737CD006E7C72 /* Icon.png in Resources */ = {isa = PBXBuildFile; fileRef = 5E0FD41D22B737CD006E7C72 /* Icon.png */; };
		5E0FD44B22B737CD006E7C72 /* Icon-72.png in Resources */ = {isa = PBXBuildFile; fileRef = 5E0FD41E22B737CD006E7C72 /* Icon-72.png */; };
		5E0FD44C22B737CD006E7C72 /* Icon-Small-50.png in Resources */ = {isa = PBXBuildFile; fileRef = 5E0FD41F22B737CD006E7C72 /* Icon-Small-50.png */; };
		5E0FD44D22B737CD006E7C72 /* Icon-72@2x.png in Resources */ = {isa = PBXBuildFile; fileRef = 5E0FD42022B737CD006E7C72 /* Icon-72@2x.png */; };
		5E0FD44E22B737CD006E7C72 /* Icon-Small@2x.png in Resources */ = {isa = PBXBuildFile; fileRef = 5E0FD42122B737CD006E7C72 /* Icon-Small@2x.png */; };
		5E0FD45F22B737CD006E7C72 /* face1.png in Resources */ = {isa = PBXBuildFile; fileRef = 5E0FD43422B737CD006E7C72 /* face1.png */; };
		5E0FD46022B737CD006E7C72 /* face0.png in Resources */ = {isa = PBXBuildFile; fileRef = 5E0FD43522B737CD006E7C72 /* face0.png */; };
		5E0FD46122B737CD006E7C72 /* face2.png in Resources */ = {isa = PBXBuildFile; fileRef = 5E0FD43622B737CD006E7C72 /* face2.png */; };
		5E0FD46222B737CD006E7C72 /* face3.png in Resources */ = {isa = PBXBuildFile; fileRef = 5E0FD43722B737CD006E7C72 /* face3.png */; };
		5E0FD46322B737CD006E7C72 /* face4.png in Resources */ = {isa = PBXBuildFile; fileRef = 5E0FD43822B737CD006E7C72 /* face4.png */; };
		5E0FD46422B737CD006E7C72 /* 4body.png in Resources */ = {isa = PBXBuildFile; fileRef = 5E0FD43A22B737CD006E7C72 /* 4body.png */; };
		5E0FD46522B737CD006E7C72 /* 0body.png in Resources */ = {isa = PBXBuildFile; fileRef = 5E0FD43B22B737CD006E7C72 /* 0body.png */; };
		5E0FD46622B737CD006E7C72 /* 1body.png in Resources */ = {isa = PBXBuildFile; fileRef = 5E0FD43C22B737CD006E7C72 /* 1body.png */; };
		5E0FD46722B737CD006E7C72 /* 3body.png in Resources */ = {isa = PBXBuildFile; fileRef = 5E0FD43D22B737CD006E7C72 /* 3body.png */; };
		5E0FD46822B737CD006E7C72 /* 2body.png in Resources */ = {isa = PBXBuildFile; fileRef = 5E0FD43E22B737CD006E7C72 /* 2body.png */; };
		5E0FD47A22B7381F006E7C72 /* left_pressed.png in Resources */ = {isa = PBXBuildFile; fileRef = 5E0FD46A22B7381E006E7C72 /* left_pressed.png */; };
		5E0FD47B22B7381F006E7C72 /* up.png in Resources */ = {isa = PBXBuildFile; fileRef = 5E0FD46B22B7381E006E7C72 /* up.png */; };
		5E0FD47C22B7381F006E7C72 /* right_pressed.png in Resources */ = {isa = PBXBuildFile; fileRef = 5E0FD46C22B7381E006E7C72 /* right_pressed.png */; };
		5E0FD47D22B7381F006E7C72 /* down.png in Resources */ = {isa = PBXBuildFile; fileRef = 5E0FD46D22B7381E006E7C72 /* down.png */; };
		5E0FD47E22B7381F006E7C72 /* facebook_pressed.png in Resources */ = {isa = PBXBuildFile; fileRef = 5E0FD46E22B7381E006E7C72 /* facebook_pressed.png */; };
		5E0FD47F22B7381F006E7C72 /* email_share.png in Resources */ = {isa = PBXBuildFile; fileRef = 5E0FD46F22B7381E006E7C72 /* email_share.png */; };
		5E0FD48022B7381F006E7C72 /* twitter_pressed.png in Resources */ = {isa = PBXBuildFile; fileRef = 5E0FD47022B7381E006E7C72 /* twitter_pressed.png */; };
		5E0FD48122B7381F006E7C72 /* left.png in Resources */ = {isa = PBXBuildFile; fileRef = 5E0FD47122B7381E006E7C72 /* left.png */; };
		5E0FD48222B7381F006E7C72 /* text_pressed.png in Resources */ = {isa = PBXBuildFile; fileRef = 5E0FD47222B7381E006E7C72 /* text_pressed.png */; };
		5E0FD48322B7381F006E7C72 /* up_pressed.png in Resources */ = {isa = PBXBuildFile; fileRef = 5E0FD47322B7381E006E7C72 /* up_pressed.png */; };
		5E0FD48422B7381F006E7C72 /* email_pressed.png in Resources */ = {isa = PBXBuildFile; fileRef = 5E0FD47422B7381E006E7C72 /* email_pressed.png */; };
		5E0FD48522B7381F006E7C72 /* down_pressed.png in Resources */ = {isa = PBXBuildFile; fileRef = 5E0FD47522B7381E006E7C72 /* down_pressed.png */; };
		5E0FD48622B7381F006E7C72 /* right.png in Resources */ = {isa = PBXBuildFile; fileRef = 5E0FD47622B7381E006E7C72 /* right.png */; };
		5E0FD48722B7381F006E7C72 /* twitter_share.png in Resources */ = {isa = PBXBuildFile; fileRef = 5E0FD47722B7381E006E7C72 /* twitter_share.png */; };
		5E0FD48822B7381F006E7C72 /* text_share.png in Resources */ = {isa = PBXBuildFile; fileRef = 5E0FD47822B7381E006E7C72 /* text_share.png */; };
		5E0FD48922B7381F006E7C72 /* facebook_share.png in Resources */ = {isa = PBXBuildFile; fileRef = 5E0FD47922B7381E006E7C72 /* facebook_share.png */; };
		5E0FD49222B7383F006E7C72 /* iTunesArtwork.png in Resources */ = {isa = PBXBuildFile; fileRef = 5E0FD48A22B7383C006E7C72 /* iTunesArtwork.png */; };
		5E0FD49322B7383F006E7C72 /* Icon-40@2x.png in Resources */ = {isa = PBXBuildFile; fileRef = 5E0FD48B22B7383C006E7C72 /* Icon-40@2x.png */; };
		5E0FD49422B7383F006E7C72 /* Icon-60@2x.png in Resources */ = {isa = PBXBuildFile; fileRef = 5E0FD48C22B7383D006E7C72 /* Icon-60@2x.png */; };
		5E0FD49522B7383F006E7C72 /* Icon-40.png in Resources */ = {isa = PBXBuildFile; fileRef = 5E0FD48D22B7383D006E7C72 /* Icon-40.png */; };
		5E0FD49622B7383F006E7C72 /* Icon-76@2x.png in Resources */ = {isa = PBXBuildFile; fileRef = 5E0FD48E22B7383D006E7C72 /* Icon-76@2x.png */; };
		5E0FD49722B7383F006E7C72 /* Icon-76.png in Resources */ = {isa = PBXBuildFile; fileRef = 5E0FD48F22B7383E006E7C72 /* Icon-76.png */; };
		5E0FD49822B7383F006E7C72 /* Icon-60.png in Resources */ = {isa = PBXBuildFile; fileRef = 5E0FD49022B7383E006E7C72 /* Icon-60.png */; };
		5E0FD49922B7383F006E7C72 /* iTunesArtwork@2x.png in Resources */ = {isa = PBXBuildFile; fileRef = 5E0FD49122B7383F006E7C72 /* iTunesArtwork@2x.png */; };
		5E5BF6DF22B763A900842B49 /* SafariServices.framework in Frameworks */ = {isa = PBXBuildFile; fileRef = 5E0FD4A122B74265006E7C72 /* SafariServices.framework */; };
		5E5BF6E022B763C900842B49 /* MobileCoreServices.framework in Frameworks */ = {isa = PBXBuildFile; fileRef = 5E0FD49F22B74261006E7C72 /* MobileCoreServices.framework */; };
		5E5BF6E122B763CE00842B49 /* CoreSpotlight.framework in Frameworks */ = {isa = PBXBuildFile; fileRef = 5E0FD49D22B74259006E7C72 /* CoreSpotlight.framework */; };
		5E5BF6E322B763E000842B49 /* iAd.framework in Frameworks */ = {isa = PBXBuildFile; fileRef = 5E5BF6E222B763E000842B49 /* iAd.framework */; };
		6705921019BBB7430039DAE1 /* AdSupport.framework in Frameworks */ = {isa = PBXBuildFile; fileRef = 6705920F19BBB7430039DAE1 /* AdSupport.framework */; };
		6705923B19BBD0060039DAE1 /* UIKit.framework in Frameworks */ = {isa = PBXBuildFile; fileRef = 6705923A19BBD0060039DAE1 /* UIKit.framework */; };
		6705923E19BBE22D0039DAE1 /* MessageUI.framework in Frameworks */ = {isa = PBXBuildFile; fileRef = 6705923D19BBE22D0039DAE1 /* MessageUI.framework */; };
		6705924019BBEBC40039DAE1 /* Social.framework in Frameworks */ = {isa = PBXBuildFile; fileRef = 6705923F19BBEBC40039DAE1 /* Social.framework */; };
		67FD94C31A4D250C00D6BFA8 /* AppDelegate.m in Sources */ = {isa = PBXBuildFile; fileRef = 67FD945D1A4D250C00D6BFA8 /* AppDelegate.m */; };
		67FD94C51A4D250C00D6BFA8 /* ImageCollectionViewCell.m in Sources */ = {isa = PBXBuildFile; fileRef = 67FD94621A4D250C00D6BFA8 /* ImageCollectionViewCell.m */; };
		67FD94C61A4D250C00D6BFA8 /* NetworkProgressBar.m in Sources */ = {isa = PBXBuildFile; fileRef = 67FD94641A4D250C00D6BFA8 /* NetworkProgressBar.m */; };
		67FD94D11A4D250C00D6BFA8 /* FacebookSDK.framework in Frameworks */ = {isa = PBXBuildFile; fileRef = 67FD947D1A4D250C00D6BFA8 /* FacebookSDK.framework */; };
		67FD94D21A4D250C00D6BFA8 /* MonsterPartsFactory.m in Sources */ = {isa = PBXBuildFile; fileRef = 67FD94801A4D250C00D6BFA8 /* MonsterPartsFactory.m */; };
		67FD94D31A4D250C00D6BFA8 /* MonsterPreferences.m in Sources */ = {isa = PBXBuildFile; fileRef = 67FD94821A4D250C00D6BFA8 /* MonsterPreferences.m */; };
		67FD94D51A4D250C00D6BFA8 /* 250.png in Resources */ = {isa = PBXBuildFile; fileRef = 67FD94851A4D250C00D6BFA8 /* 250.png */; };
		67FD94D61A4D250C00D6BFA8 /* 400.png in Resources */ = {isa = PBXBuildFile; fileRef = 67FD94861A4D250C00D6BFA8 /* 400.png */; };
		67FD94DC1A4D250C00D6BFA8 /* branchster.png in Resources */ = {isa = PBXBuildFile; fileRef = 67FD948D1A4D250C00D6BFA8 /* branchster.png */; };
		67FD95021A4D250C00D6BFA8 /* splashfactory.png in Resources */ = {isa = PBXBuildFile; fileRef = 67FD94B81A4D250C00D6BFA8 /* splashfactory.png */; };
		67FD95031A4D250C00D6BFA8 /* Images.xcassets in Resources */ = {isa = PBXBuildFile; fileRef = 67FD94B91A4D250C00D6BFA8 /* Images.xcassets */; };
		67FD95051A4D250C00D6BFA8 /* main.m in Sources */ = {isa = PBXBuildFile; fileRef = 67FD94BB1A4D250C00D6BFA8 /* main.m */; };
		67FD95061A4D250C00D6BFA8 /* MonsterCreatorViewController.m in Sources */ = {isa = PBXBuildFile; fileRef = 67FD94BE1A4D250C00D6BFA8 /* MonsterCreatorViewController.m */; };
		67FD95071A4D250C00D6BFA8 /* MonsterViewerViewController.m in Sources */ = {isa = PBXBuildFile; fileRef = 67FD94C01A4D250C00D6BFA8 /* MonsterViewerViewController.m */; };
		67FD95081A4D250C00D6BFA8 /* SplashViewController.m in Sources */ = {isa = PBXBuildFile; fileRef = 67FD94C21A4D250C00D6BFA8 /* SplashViewController.m */; };
		67FD950A1A4D25D100D6BFA8 /* CoreTelephony.framework in Frameworks */ = {isa = PBXBuildFile; fileRef = 67FD95091A4D25D100D6BFA8 /* CoreTelephony.framework */; };
/* End PBXBuildFile section */

/* Begin PBXCopyFilesBuildPhase section */
		5E0B1EBE22B759D100DB0BC9 /* Embed Frameworks */ = {
			isa = PBXCopyFilesBuildPhase;
			buildActionMask = 2147483647;
			dstPath = "";
			dstSubfolderSpec = 10;
			files = (
				5E0B1EC022B75D1D00DB0BC9 /* Branch.framework in Embed Frameworks */,
			);
			name = "Embed Frameworks";
			runOnlyForDeploymentPostprocessing = 0;
		};
/* End PBXCopyFilesBuildPhase section */

/* Begin PBXFileReference section */
		5E0B1EB922B7598E00DB0BC9 /* Branch.framework */ = {isa = PBXFileReference; lastKnownFileType = wrapper.framework; path = Branch.framework; sourceTree = "<group>"; };
		5E0B1EBB22B759D100DB0BC9 /* Branch.framework */ = {isa = PBXFileReference; lastKnownFileType = wrapper.framework; name = Branch.framework; path = ../Carthage/Build/iOS/Branch.framework; sourceTree = "<group>"; };
		5E0FD41A22B737CD006E7C72 /* Icon-Small-50@2x.png */ = {isa = PBXFileReference; lastKnownFileType = image.png; path = "Icon-Small-50@2x.png"; sourceTree = "<group>"; };
		5E0FD41B22B737CD006E7C72 /* Icon@2x.png */ = {isa = PBXFileReference; lastKnownFileType = image.png; path = "Icon@2x.png"; sourceTree = "<group>"; };
		5E0FD41C22B737CD006E7C72 /* Icon-Small.png */ = {isa = PBXFileReference; lastKnownFileType = image.png; path = "Icon-Small.png"; sourceTree = "<group>"; };
		5E0FD41D22B737CD006E7C72 /* Icon.png */ = {isa = PBXFileReference; lastKnownFileType = image.png; path = Icon.png; sourceTree = "<group>"; };
		5E0FD41E22B737CD006E7C72 /* Icon-72.png */ = {isa = PBXFileReference; lastKnownFileType = image.png; path = "Icon-72.png"; sourceTree = "<group>"; };
		5E0FD41F22B737CD006E7C72 /* Icon-Small-50.png */ = {isa = PBXFileReference; lastKnownFileType = image.png; path = "Icon-Small-50.png"; sourceTree = "<group>"; };
		5E0FD42022B737CD006E7C72 /* Icon-72@2x.png */ = {isa = PBXFileReference; lastKnownFileType = image.png; path = "Icon-72@2x.png"; sourceTree = "<group>"; };
		5E0FD42122B737CD006E7C72 /* Icon-Small@2x.png */ = {isa = PBXFileReference; lastKnownFileType = image.png; path = "Icon-Small@2x.png"; sourceTree = "<group>"; };
		5E0FD43422B737CD006E7C72 /* face1.png */ = {isa = PBXFileReference; lastKnownFileType = image.png; path = face1.png; sourceTree = "<group>"; };
		5E0FD43522B737CD006E7C72 /* face0.png */ = {isa = PBXFileReference; lastKnownFileType = image.png; path = face0.png; sourceTree = "<group>"; };
		5E0FD43622B737CD006E7C72 /* face2.png */ = {isa = PBXFileReference; lastKnownFileType = image.png; path = face2.png; sourceTree = "<group>"; };
		5E0FD43722B737CD006E7C72 /* face3.png */ = {isa = PBXFileReference; lastKnownFileType = image.png; path = face3.png; sourceTree = "<group>"; };
		5E0FD43822B737CD006E7C72 /* face4.png */ = {isa = PBXFileReference; lastKnownFileType = image.png; path = face4.png; sourceTree = "<group>"; };
		5E0FD43A22B737CD006E7C72 /* 4body.png */ = {isa = PBXFileReference; lastKnownFileType = image.png; path = 4body.png; sourceTree = "<group>"; };
		5E0FD43B22B737CD006E7C72 /* 0body.png */ = {isa = PBXFileReference; lastKnownFileType = image.png; path = 0body.png; sourceTree = "<group>"; };
		5E0FD43C22B737CD006E7C72 /* 1body.png */ = {isa = PBXFileReference; lastKnownFileType = image.png; path = 1body.png; sourceTree = "<group>"; };
		5E0FD43D22B737CD006E7C72 /* 3body.png */ = {isa = PBXFileReference; lastKnownFileType = image.png; path = 3body.png; sourceTree = "<group>"; };
		5E0FD43E22B737CD006E7C72 /* 2body.png */ = {isa = PBXFileReference; lastKnownFileType = image.png; path = 2body.png; sourceTree = "<group>"; };
		5E0FD46A22B7381E006E7C72 /* left_pressed.png */ = {isa = PBXFileReference; lastKnownFileType = image.png; path = left_pressed.png; sourceTree = "<group>"; };
		5E0FD46B22B7381E006E7C72 /* up.png */ = {isa = PBXFileReference; lastKnownFileType = image.png; path = up.png; sourceTree = "<group>"; };
		5E0FD46C22B7381E006E7C72 /* right_pressed.png */ = {isa = PBXFileReference; lastKnownFileType = image.png; path = right_pressed.png; sourceTree = "<group>"; };
		5E0FD46D22B7381E006E7C72 /* down.png */ = {isa = PBXFileReference; lastKnownFileType = image.png; path = down.png; sourceTree = "<group>"; };
		5E0FD46E22B7381E006E7C72 /* facebook_pressed.png */ = {isa = PBXFileReference; lastKnownFileType = image.png; path = facebook_pressed.png; sourceTree = "<group>"; };
		5E0FD46F22B7381E006E7C72 /* email_share.png */ = {isa = PBXFileReference; lastKnownFileType = image.png; path = email_share.png; sourceTree = "<group>"; };
		5E0FD47022B7381E006E7C72 /* twitter_pressed.png */ = {isa = PBXFileReference; lastKnownFileType = image.png; path = twitter_pressed.png; sourceTree = "<group>"; };
		5E0FD47122B7381E006E7C72 /* left.png */ = {isa = PBXFileReference; lastKnownFileType = image.png; path = left.png; sourceTree = "<group>"; };
		5E0FD47222B7381E006E7C72 /* text_pressed.png */ = {isa = PBXFileReference; lastKnownFileType = image.png; path = text_pressed.png; sourceTree = "<group>"; };
		5E0FD47322B7381E006E7C72 /* up_pressed.png */ = {isa = PBXFileReference; lastKnownFileType = image.png; path = up_pressed.png; sourceTree = "<group>"; };
		5E0FD47422B7381E006E7C72 /* email_pressed.png */ = {isa = PBXFileReference; lastKnownFileType = image.png; path = email_pressed.png; sourceTree = "<group>"; };
		5E0FD47522B7381E006E7C72 /* down_pressed.png */ = {isa = PBXFileReference; lastKnownFileType = image.png; path = down_pressed.png; sourceTree = "<group>"; };
		5E0FD47622B7381E006E7C72 /* right.png */ = {isa = PBXFileReference; lastKnownFileType = image.png; path = right.png; sourceTree = "<group>"; };
		5E0FD47722B7381E006E7C72 /* twitter_share.png */ = {isa = PBXFileReference; lastKnownFileType = image.png; path = twitter_share.png; sourceTree = "<group>"; };
		5E0FD47822B7381E006E7C72 /* text_share.png */ = {isa = PBXFileReference; lastKnownFileType = image.png; path = text_share.png; sourceTree = "<group>"; };
		5E0FD47922B7381E006E7C72 /* facebook_share.png */ = {isa = PBXFileReference; lastKnownFileType = image.png; path = facebook_share.png; sourceTree = "<group>"; };
		5E0FD48A22B7383C006E7C72 /* iTunesArtwork.png */ = {isa = PBXFileReference; lastKnownFileType = image.png; path = iTunesArtwork.png; sourceTree = "<group>"; };
		5E0FD48B22B7383C006E7C72 /* Icon-40@2x.png */ = {isa = PBXFileReference; lastKnownFileType = image.png; path = "Icon-40@2x.png"; sourceTree = "<group>"; };
		5E0FD48C22B7383D006E7C72 /* Icon-60@2x.png */ = {isa = PBXFileReference; lastKnownFileType = image.png; path = "Icon-60@2x.png"; sourceTree = "<group>"; };
		5E0FD48D22B7383D006E7C72 /* Icon-40.png */ = {isa = PBXFileReference; lastKnownFileType = image.png; path = "Icon-40.png"; sourceTree = "<group>"; };
		5E0FD48E22B7383D006E7C72 /* Icon-76@2x.png */ = {isa = PBXFileReference; lastKnownFileType = image.png; path = "Icon-76@2x.png"; sourceTree = "<group>"; };
		5E0FD48F22B7383E006E7C72 /* Icon-76.png */ = {isa = PBXFileReference; lastKnownFileType = image.png; path = "Icon-76.png"; sourceTree = "<group>"; };
		5E0FD49022B7383E006E7C72 /* Icon-60.png */ = {isa = PBXFileReference; lastKnownFileType = image.png; path = "Icon-60.png"; sourceTree = "<group>"; };
		5E0FD49122B7383F006E7C72 /* iTunesArtwork@2x.png */ = {isa = PBXFileReference; lastKnownFileType = image.png; path = "iTunesArtwork@2x.png"; sourceTree = "<group>"; };
		5E0FD49D22B74259006E7C72 /* CoreSpotlight.framework */ = {isa = PBXFileReference; lastKnownFileType = wrapper.framework; name = CoreSpotlight.framework; path = System/Library/Frameworks/CoreSpotlight.framework; sourceTree = SDKROOT; };
		5E0FD49F22B74261006E7C72 /* MobileCoreServices.framework */ = {isa = PBXFileReference; lastKnownFileType = wrapper.framework; name = MobileCoreServices.framework; path = System/Library/Frameworks/MobileCoreServices.framework; sourceTree = SDKROOT; };
		5E0FD4A122B74265006E7C72 /* SafariServices.framework */ = {isa = PBXFileReference; lastKnownFileType = wrapper.framework; name = SafariServices.framework; path = System/Library/Frameworks/SafariServices.framework; sourceTree = SDKROOT; };
		5E0FD4A322B748A6006E7C72 /* Branchsters.entitlements */ = {isa = PBXFileReference; lastKnownFileType = text.plist.entitlements; path = Branchsters.entitlements; sourceTree = "<group>"; };
		5E5BF6E222B763E000842B49 /* iAd.framework */ = {isa = PBXFileReference; lastKnownFileType = wrapper.framework; name = iAd.framework; path = System/Library/Frameworks/iAd.framework; sourceTree = SDKROOT; };
		670591E919BBAC630039DAE1 /* Branchsters.app */ = {isa = PBXFileReference; explicitFileType = wrapper.application; includeInIndex = 0; path = Branchsters.app; sourceTree = BUILT_PRODUCTS_DIR; };
		6705920F19BBB7430039DAE1 /* AdSupport.framework */ = {isa = PBXFileReference; lastKnownFileType = wrapper.framework; name = AdSupport.framework; path = System/Library/Frameworks/AdSupport.framework; sourceTree = SDKROOT; };
		6705923A19BBD0060039DAE1 /* UIKit.framework */ = {isa = PBXFileReference; lastKnownFileType = wrapper.framework; name = UIKit.framework; path = System/Library/Frameworks/UIKit.framework; sourceTree = SDKROOT; };
		6705923D19BBE22D0039DAE1 /* MessageUI.framework */ = {isa = PBXFileReference; lastKnownFileType = wrapper.framework; name = MessageUI.framework; path = System/Library/Frameworks/MessageUI.framework; sourceTree = SDKROOT; };
		6705923F19BBEBC40039DAE1 /* Social.framework */ = {isa = PBXFileReference; lastKnownFileType = wrapper.framework; name = Social.framework; path = System/Library/Frameworks/Social.framework; sourceTree = SDKROOT; };
		67FD945C1A4D250C00D6BFA8 /* AppDelegate.h */ = {isa = PBXFileReference; fileEncoding = 4; lastKnownFileType = sourcecode.c.h; path = AppDelegate.h; sourceTree = "<group>"; };
		67FD945D1A4D250C00D6BFA8 /* AppDelegate.m */ = {isa = PBXFileReference; fileEncoding = 4; lastKnownFileType = sourcecode.c.objc; path = AppDelegate.m; sourceTree = "<group>"; };
		67FD945F1A4D250C00D6BFA8 /* Base */ = {isa = PBXFileReference; lastKnownFileType = file.storyboard; name = Base; path = Base.lproj/Main.storyboard; sourceTree = "<group>"; };
		67FD94611A4D250C00D6BFA8 /* ImageCollectionViewCell.h */ = {isa = PBXFileReference; fileEncoding = 4; lastKnownFileType = sourcecode.c.h; name = ImageCollectionViewCell.h; path = ../../branchmonsterfactory/CustomViews/ImageCollectionViewCell.h; sourceTree = "<group>"; };
		67FD94621A4D250C00D6BFA8 /* ImageCollectionViewCell.m */ = {isa = PBXFileReference; fileEncoding = 4; lastKnownFileType = sourcecode.c.objc; name = ImageCollectionViewCell.m; path = ../../branchmonsterfactory/CustomViews/ImageCollectionViewCell.m; sourceTree = "<group>"; };
		67FD94631A4D250C00D6BFA8 /* NetworkProgressBar.h */ = {isa = PBXFileReference; fileEncoding = 4; lastKnownFileType = sourcecode.c.h; name = NetworkProgressBar.h; path = ../../branchmonsterfactory/CustomViews/NetworkProgressBar.h; sourceTree = "<group>"; };
		67FD94641A4D250C00D6BFA8 /* NetworkProgressBar.m */ = {isa = PBXFileReference; fileEncoding = 4; lastKnownFileType = sourcecode.c.objc; name = NetworkProgressBar.m; path = ../../branchmonsterfactory/CustomViews/NetworkProgressBar.m; sourceTree = "<group>"; };
		67FD947D1A4D250C00D6BFA8 /* FacebookSDK.framework */ = {isa = PBXFileReference; lastKnownFileType = wrapper.framework; path = FacebookSDK.framework; sourceTree = "<group>"; };
		67FD947F1A4D250C00D6BFA8 /* MonsterPartsFactory.h */ = {isa = PBXFileReference; fileEncoding = 4; lastKnownFileType = sourcecode.c.h; path = MonsterPartsFactory.h; sourceTree = "<group>"; };
		67FD94801A4D250C00D6BFA8 /* MonsterPartsFactory.m */ = {isa = PBXFileReference; fileEncoding = 4; lastKnownFileType = sourcecode.c.objc; path = MonsterPartsFactory.m; sourceTree = "<group>"; };
		67FD94811A4D250C00D6BFA8 /* MonsterPreferences.h */ = {isa = PBXFileReference; fileEncoding = 4; lastKnownFileType = sourcecode.c.h; path = MonsterPreferences.h; sourceTree = "<group>"; };
		67FD94821A4D250C00D6BFA8 /* MonsterPreferences.m */ = {isa = PBXFileReference; fileEncoding = 4; lastKnownFileType = sourcecode.c.objc; name = MonsterPreferences.m; path = ../../branchmonsterfactory/Helpers/MonsterPreferences.m; sourceTree = "<group>"; };
		67FD94851A4D250C00D6BFA8 /* 250.png */ = {isa = PBXFileReference; lastKnownFileType = image.png; path = 250.png; sourceTree = "<group>"; };
		67FD94861A4D250C00D6BFA8 /* 400.png */ = {isa = PBXFileReference; lastKnownFileType = image.png; path = 400.png; sourceTree = "<group>"; };
		67FD948D1A4D250C00D6BFA8 /* branchster.png */ = {isa = PBXFileReference; lastKnownFileType = image.png; path = branchster.png; sourceTree = "<group>"; };
		67FD94B81A4D250C00D6BFA8 /* splashfactory.png */ = {isa = PBXFileReference; lastKnownFileType = image.png; path = splashfactory.png; sourceTree = "<group>"; };
		67FD94B91A4D250C00D6BFA8 /* Images.xcassets */ = {isa = PBXFileReference; lastKnownFileType = folder.assetcatalog; path = Images.xcassets; sourceTree = "<group>"; };
		67FD94BA1A4D250C00D6BFA8 /* Info.plist */ = {isa = PBXFileReference; fileEncoding = 4; lastKnownFileType = text.plist.xml; path = Info.plist; sourceTree = "<group>"; };
		67FD94BB1A4D250C00D6BFA8 /* main.m */ = {isa = PBXFileReference; fileEncoding = 4; lastKnownFileType = sourcecode.c.objc; path = main.m; sourceTree = "<group>"; };
		67FD94BD1A4D250C00D6BFA8 /* MonsterCreatorViewController.h */ = {isa = PBXFileReference; fileEncoding = 4; lastKnownFileType = sourcecode.c.h; path = MonsterCreatorViewController.h; sourceTree = "<group>"; };
		67FD94BE1A4D250C00D6BFA8 /* MonsterCreatorViewController.m */ = {isa = PBXFileReference; fileEncoding = 4; lastKnownFileType = sourcecode.c.objc; path = MonsterCreatorViewController.m; sourceTree = "<group>"; };
		67FD94BF1A4D250C00D6BFA8 /* MonsterViewerViewController.h */ = {isa = PBXFileReference; fileEncoding = 4; lastKnownFileType = sourcecode.c.h; path = MonsterViewerViewController.h; sourceTree = "<group>"; };
		67FD94C01A4D250C00D6BFA8 /* MonsterViewerViewController.m */ = {isa = PBXFileReference; fileEncoding = 4; lastKnownFileType = sourcecode.c.objc; name = MonsterViewerViewController.m; path = ../../branchmonsterfactory/ViewControllers/MonsterViewerViewController.m; sourceTree = "<group>"; };
		67FD94C11A4D250C00D6BFA8 /* SplashViewController.h */ = {isa = PBXFileReference; fileEncoding = 4; lastKnownFileType = sourcecode.c.h; path = SplashViewController.h; sourceTree = "<group>"; };
		67FD94C21A4D250C00D6BFA8 /* SplashViewController.m */ = {isa = PBXFileReference; fileEncoding = 4; lastKnownFileType = sourcecode.c.objc; name = SplashViewController.m; path = ../../branchmonsterfactory/ViewControllers/SplashViewController.m; sourceTree = "<group>"; };
		67FD95091A4D25D100D6BFA8 /* CoreTelephony.framework */ = {isa = PBXFileReference; lastKnownFileType = wrapper.framework; name = CoreTelephony.framework; path = System/Library/Frameworks/CoreTelephony.framework; sourceTree = SDKROOT; };
/* End PBXFileReference section */

/* Begin PBXFrameworksBuildPhase section */
		670591E619BBAC630039DAE1 /* Frameworks */ = {
			isa = PBXFrameworksBuildPhase;
			buildActionMask = 2147483647;
			files = (
				67FD950A1A4D25D100D6BFA8 /* CoreTelephony.framework in Frameworks */,
				6705924019BBEBC40039DAE1 /* Social.framework in Frameworks */,
				5E5BF6E122B763CE00842B49 /* CoreSpotlight.framework in Frameworks */,
				67FD94D11A4D250C00D6BFA8 /* FacebookSDK.framework in Frameworks */,
				6705923E19BBE22D0039DAE1 /* MessageUI.framework in Frameworks */,
				5E0B1EBC22B759D100DB0BC9 /* Branch.framework in Frameworks */,
				6705923B19BBD0060039DAE1 /* UIKit.framework in Frameworks */,
				5E5BF6E022B763C900842B49 /* MobileCoreServices.framework in Frameworks */,
				5E5BF6E322B763E000842B49 /* iAd.framework in Frameworks */,
				5E5BF6DF22B763A900842B49 /* SafariServices.framework in Frameworks */,
				6705921019BBB7430039DAE1 /* AdSupport.framework in Frameworks */,
			);
			runOnlyForDeploymentPostprocessing = 0;
		};
/* End PBXFrameworksBuildPhase section */

/* Begin PBXGroup section */
		5E0FD40F22B737CD006E7C72 /* icons */ = {
			isa = PBXGroup;
			children = (
				5E0FD41022B737CD006E7C72 /* ios7 */,
				5E0FD41922B737CD006E7C72 /* ios */,
			);
			name = icons;
			path = BranchMonsterFactory/images/icons;
			sourceTree = SOURCE_ROOT;
		};
		5E0FD41022B737CD006E7C72 /* ios7 */ = {
			isa = PBXGroup;
			children = (
				5E0FD48D22B7383D006E7C72 /* Icon-40.png */,
				5E0FD48B22B7383C006E7C72 /* Icon-40@2x.png */,
				5E0FD49022B7383E006E7C72 /* Icon-60.png */,
				5E0FD48C22B7383D006E7C72 /* Icon-60@2x.png */,
				5E0FD48F22B7383E006E7C72 /* Icon-76.png */,
				5E0FD48E22B7383D006E7C72 /* Icon-76@2x.png */,
				5E0FD48A22B7383C006E7C72 /* iTunesArtwork.png */,
				5E0FD49122B7383F006E7C72 /* iTunesArtwork@2x.png */,
			);
			path = ios7;
			sourceTree = "<group>";
		};
		5E0FD41922B737CD006E7C72 /* ios */ = {
			isa = PBXGroup;
			children = (
				5E0FD41A22B737CD006E7C72 /* Icon-Small-50@2x.png */,
				5E0FD41B22B737CD006E7C72 /* Icon@2x.png */,
				5E0FD41C22B737CD006E7C72 /* Icon-Small.png */,
				5E0FD41D22B737CD006E7C72 /* Icon.png */,
				5E0FD41E22B737CD006E7C72 /* Icon-72.png */,
				5E0FD41F22B737CD006E7C72 /* Icon-Small-50.png */,
				5E0FD42022B737CD006E7C72 /* Icon-72@2x.png */,
				5E0FD42122B737CD006E7C72 /* Icon-Small@2x.png */,
			);
			path = ios;
			sourceTree = "<group>";
		};
		5E0FD43322B737CD006E7C72 /* faces */ = {
			isa = PBXGroup;
			children = (
				5E0FD43422B737CD006E7C72 /* face1.png */,
				5E0FD43522B737CD006E7C72 /* face0.png */,
				5E0FD43622B737CD006E7C72 /* face2.png */,
				5E0FD43722B737CD006E7C72 /* face3.png */,
				5E0FD43822B737CD006E7C72 /* face4.png */,
			);
			name = faces;
			path = BranchMonsterFactory/images/faces;
			sourceTree = SOURCE_ROOT;
		};
		5E0FD43922B737CD006E7C72 /* bodies */ = {
			isa = PBXGroup;
			children = (
				5E0FD43A22B737CD006E7C72 /* 4body.png */,
				5E0FD43B22B737CD006E7C72 /* 0body.png */,
				5E0FD43C22B737CD006E7C72 /* 1body.png */,
				5E0FD43D22B737CD006E7C72 /* 3body.png */,
				5E0FD43E22B737CD006E7C72 /* 2body.png */,
			);
			name = bodies;
			path = BranchMonsterFactory/images/bodies;
			sourceTree = SOURCE_ROOT;
		};
		5E0FD46922B7381E006E7C72 /* buttons */ = {
			isa = PBXGroup;
			children = (
				5E0FD46A22B7381E006E7C72 /* left_pressed.png */,
				5E0FD46B22B7381E006E7C72 /* up.png */,
				5E0FD46C22B7381E006E7C72 /* right_pressed.png */,
				5E0FD46D22B7381E006E7C72 /* down.png */,
				5E0FD46E22B7381E006E7C72 /* facebook_pressed.png */,
				5E0FD46F22B7381E006E7C72 /* email_share.png */,
				5E0FD47022B7381E006E7C72 /* twitter_pressed.png */,
				5E0FD47122B7381E006E7C72 /* left.png */,
				5E0FD47222B7381E006E7C72 /* text_pressed.png */,
				5E0FD47322B7381E006E7C72 /* up_pressed.png */,
				5E0FD47422B7381E006E7C72 /* email_pressed.png */,
				5E0FD47522B7381E006E7C72 /* down_pressed.png */,
				5E0FD47622B7381E006E7C72 /* right.png */,
				5E0FD47722B7381E006E7C72 /* twitter_share.png */,
				5E0FD47822B7381E006E7C72 /* text_share.png */,
				5E0FD47922B7381E006E7C72 /* facebook_share.png */,
			);
			path = buttons;
			sourceTree = "<group>";
		};
		5E0FD49C22B74258006E7C72 /* Frameworks */ = {
			isa = PBXGroup;
			children = (
				5E5BF6E222B763E000842B49 /* iAd.framework */,
				5E0B1EBB22B759D100DB0BC9 /* Branch.framework */,
				5E0FD4A122B74265006E7C72 /* SafariServices.framework */,
				5E0FD49F22B74261006E7C72 /* MobileCoreServices.framework */,
				5E0FD49D22B74259006E7C72 /* CoreSpotlight.framework */,
			);
			name = Frameworks;
			sourceTree = "<group>";
		};
		670591E019BBAC630039DAE1 = {
			isa = PBXGroup;
			children = (
				5E0B1EB922B7598E00DB0BC9 /* Branch.framework */,
				67FD945B1A4D250C00D6BFA8 /* BranchMonsterFactory */,
				67FD95091A4D25D100D6BFA8 /* CoreTelephony.framework */,
				6705923F19BBEBC40039DAE1 /* Social.framework */,
				6705923D19BBE22D0039DAE1 /* MessageUI.framework */,
				6705923A19BBD0060039DAE1 /* UIKit.framework */,
				6705920F19BBB7430039DAE1 /* AdSupport.framework */,
				670591EA19BBAC630039DAE1 /* Products */,
				5E0FD49C22B74258006E7C72 /* Frameworks */,
			);
			sourceTree = "<group>";
		};
		670591EA19BBAC630039DAE1 /* Products */ = {
			isa = PBXGroup;
			children = (
				670591E919BBAC630039DAE1 /* Branchsters.app */,
			);
			name = Products;
			sourceTree = "<group>";
		};
		67FD945B1A4D250C00D6BFA8 /* BranchMonsterFactory */ = {
			isa = PBXGroup;
			children = (
				5E0FD4A322B748A6006E7C72 /* Branchsters.entitlements */,
				67FD945C1A4D250C00D6BFA8 /* AppDelegate.h */,
				67FD945D1A4D250C00D6BFA8 /* AppDelegate.m */,
				67FD945E1A4D250C00D6BFA8 /* Main.storyboard */,
				67FD94BC1A4D250C00D6BFA8 /* ViewControllers */,
				67FD94601A4D250C00D6BFA8 /* CustomViews */,
				67FD94651A4D250C00D6BFA8 /* ExternalLibs */,
				67FD947E1A4D250C00D6BFA8 /* Helpers */,
				67FD94841A4D250C00D6BFA8 /* Images */,
				67FD94B91A4D250C00D6BFA8 /* Images.xcassets */,
				67FD94BA1A4D250C00D6BFA8 /* Info.plist */,
				67FD94BB1A4D250C00D6BFA8 /* main.m */,
			);
			path = BranchMonsterFactory;
			sourceTree = "<group>";
		};
		67FD94601A4D250C00D6BFA8 /* CustomViews */ = {
			isa = PBXGroup;
			children = (
				67FD94611A4D250C00D6BFA8 /* ImageCollectionViewCell.h */,
				67FD94621A4D250C00D6BFA8 /* ImageCollectionViewCell.m */,
				67FD94631A4D250C00D6BFA8 /* NetworkProgressBar.h */,
				67FD94641A4D250C00D6BFA8 /* NetworkProgressBar.m */,
			);
			path = CustomViews;
			sourceTree = "<group>";
		};
		67FD94651A4D250C00D6BFA8 /* ExternalLibs */ = {
			isa = PBXGroup;
			children = (
				67FD947D1A4D250C00D6BFA8 /* FacebookSDK.framework */,
			);
			path = ExternalLibs;
			sourceTree = "<group>";
		};
		67FD947E1A4D250C00D6BFA8 /* Helpers */ = {
			isa = PBXGroup;
			children = (
				67FD947F1A4D250C00D6BFA8 /* MonsterPartsFactory.h */,
				67FD94801A4D250C00D6BFA8 /* MonsterPartsFactory.m */,
				67FD94811A4D250C00D6BFA8 /* MonsterPreferences.h */,
				67FD94821A4D250C00D6BFA8 /* MonsterPreferences.m */,
			);
			path = Helpers;
			sourceTree = "<group>";
		};
		67FD94841A4D250C00D6BFA8 /* Images */ = {
			isa = PBXGroup;
			children = (
				5E0FD46922B7381E006E7C72 /* buttons */,
				5E0FD43922B737CD006E7C72 /* bodies */,
				5E0FD43322B737CD006E7C72 /* faces */,
				5E0FD40F22B737CD006E7C72 /* icons */,
				67FD94851A4D250C00D6BFA8 /* 250.png */,
				67FD94861A4D250C00D6BFA8 /* 400.png */,
				67FD948D1A4D250C00D6BFA8 /* branchster.png */,
				67FD94B81A4D250C00D6BFA8 /* splashfactory.png */,
			);
			path = Images;
			sourceTree = "<group>";
		};
		67FD94BC1A4D250C00D6BFA8 /* ViewControllers */ = {
			isa = PBXGroup;
			children = (
				67FD94BD1A4D250C00D6BFA8 /* MonsterCreatorViewController.h */,
				67FD94BE1A4D250C00D6BFA8 /* MonsterCreatorViewController.m */,
				67FD94BF1A4D250C00D6BFA8 /* MonsterViewerViewController.h */,
				67FD94C01A4D250C00D6BFA8 /* MonsterViewerViewController.m */,
				67FD94C11A4D250C00D6BFA8 /* SplashViewController.h */,
				67FD94C21A4D250C00D6BFA8 /* SplashViewController.m */,
			);
			path = ViewControllers;
			sourceTree = "<group>";
		};
/* End PBXGroup section */

/* Begin PBXNativeTarget section */
		670591E819BBAC630039DAE1 /* BranchMonsterFactory */ = {
			isa = PBXNativeTarget;
			buildConfigurationList = 6705920919BBAC630039DAE1 /* Build configuration list for PBXNativeTarget "BranchMonsterFactory" */;
			buildPhases = (
				670591E519BBAC630039DAE1 /* Sources */,
				670591E619BBAC630039DAE1 /* Frameworks */,
				670591E719BBAC630039DAE1 /* Resources */,
				5E0B1EBE22B759D100DB0BC9 /* Embed Frameworks */,
			);
			buildRules = (
			);
			dependencies = (
			);
			name = BranchMonsterFactory;
			productName = BranchBots;
			productReference = 670591E919BBAC630039DAE1 /* Branchsters.app */;
			productType = "com.apple.product-type.application";
		};
/* End PBXNativeTarget section */

/* Begin PBXProject section */
		670591E119BBAC630039DAE1 /* Project object */ = {
			isa = PBXProject;
			attributes = {
				LastUpgradeCheck = 1100;
				ORGANIZATIONNAME = Branch;
				TargetAttributes = {
					670591E819BBAC630039DAE1 = {
						CreatedOnToolsVersion = 6.0;
						DevelopmentTeam = 99Q8L2A6M6;
						ProvisioningStyle = Automatic;
					};
				};
			};
			buildConfigurationList = 670591E419BBAC630039DAE1 /* Build configuration list for PBXProject "BranchMonsterFactory" */;
			compatibilityVersion = "Xcode 3.2";
			developmentRegion = en;
			hasScannedForEncodings = 0;
			knownRegions = (
				en,
				Base,
			);
			mainGroup = 670591E019BBAC630039DAE1;
			productRefGroup = 670591EA19BBAC630039DAE1 /* Products */;
			projectDirPath = "";
			projectRoot = "";
			targets = (
				670591E819BBAC630039DAE1 /* BranchMonsterFactory */,
			);
		};
/* End PBXProject section */

/* Begin PBXResourcesBuildPhase section */
		670591E719BBAC630039DAE1 /* Resources */ = {
			isa = PBXResourcesBuildPhase;
			buildActionMask = 2147483647;
			files = (
				5E0B1EB722B74EA700DB0BC9 /* Branchsters.entitlements in Resources */,
				46FD92CE1A9AD0A70028A385 /* Main.storyboard in Resources */,
				5E0FD44822B737CD006E7C72 /* Icon@2x.png in Resources */,
				5E0FD46522B737CD006E7C72 /* 0body.png in Resources */,
				5E0FD46222B737CD006E7C72 /* face3.png in Resources */,
				5E0FD47A22B7381F006E7C72 /* left_pressed.png in Resources */,
				5E0FD48122B7381F006E7C72 /* left.png in Resources */,
				5E0FD48422B7381F006E7C72 /* email_pressed.png in Resources */,
				5E0FD49822B7383F006E7C72 /* Icon-60.png in Resources */,
				67FD95031A4D250C00D6BFA8 /* Images.xcassets in Resources */,
				5E0FD48022B7381F006E7C72 /* twitter_pressed.png in Resources */,
				5E0FD46722B737CD006E7C72 /* 3body.png in Resources */,
				5E0FD46022B737CD006E7C72 /* face0.png in Resources */,
				5E0FD44A22B737CD006E7C72 /* Icon.png in Resources */,
				5E0FD47D22B7381F006E7C72 /* down.png in Resources */,
				67FD94D51A4D250C00D6BFA8 /* 250.png in Resources */,
				5E0FD48322B7381F006E7C72 /* up_pressed.png in Resources */,
				5E0FD49222B7383F006E7C72 /* iTunesArtwork.png in Resources */,
				67FD94DC1A4D250C00D6BFA8 /* branchster.png in Resources */,
				5E0FD48822B7381F006E7C72 /* text_share.png in Resources */,
				5E0FD49922B7383F006E7C72 /* iTunesArtwork@2x.png in Resources */,
				5E0FD46622B737CD006E7C72 /* 1body.png in Resources */,
				5E0FD49422B7383F006E7C72 /* Icon-60@2x.png in Resources */,
				5E0FD49522B7383F006E7C72 /* Icon-40.png in Resources */,
				5E0FD44E22B737CD006E7C72 /* Icon-Small@2x.png in Resources */,
				5E0FD47F22B7381F006E7C72 /* email_share.png in Resources */,
				5E0FD44722B737CD006E7C72 /* Icon-Small-50@2x.png in Resources */,
				5E0FD46322B737CD006E7C72 /* face4.png in Resources */,
				5E0FD47C22B7381F006E7C72 /* right_pressed.png in Resources */,
				5E0FD47E22B7381F006E7C72 /* facebook_pressed.png in Resources */,
				5E0FD49722B7383F006E7C72 /* Icon-76.png in Resources */,
				5E0FD48722B7381F006E7C72 /* twitter_share.png in Resources */,
				5E0FD49622B7383F006E7C72 /* Icon-76@2x.png in Resources */,
				67FD95021A4D250C00D6BFA8 /* splashfactory.png in Resources */,
				5E0FD48622B7381F006E7C72 /* right.png in Resources */,
				5E0FD48922B7381F006E7C72 /* facebook_share.png in Resources */,
				5E0FD46822B737CD006E7C72 /* 2body.png in Resources */,
				5E0FD48222B7381F006E7C72 /* text_pressed.png in Resources */,
				5E0FD46122B737CD006E7C72 /* face2.png in Resources */,
				5E0FD44922B737CD006E7C72 /* Icon-Small.png in Resources */,
				67FD94D61A4D250C00D6BFA8 /* 400.png in Resources */,
				5E0FD47B22B7381F006E7C72 /* up.png in Resources */,
				5E0FD48522B7381F006E7C72 /* down_pressed.png in Resources */,
				5E0FD46422B737CD006E7C72 /* 4body.png in Resources */,
				5E0FD44B22B737CD006E7C72 /* Icon-72.png in Resources */,
				5E0FD44D22B737CD006E7C72 /* Icon-72@2x.png in Resources */,
				5E0FD49322B7383F006E7C72 /* Icon-40@2x.png in Resources */,
				5E0FD45F22B737CD006E7C72 /* face1.png in Resources */,
				5E0FD44C22B737CD006E7C72 /* Icon-Small-50.png in Resources */,
			);
			runOnlyForDeploymentPostprocessing = 0;
		};
/* End PBXResourcesBuildPhase section */

/* Begin PBXSourcesBuildPhase section */
		670591E519BBAC630039DAE1 /* Sources */ = {
			isa = PBXSourcesBuildPhase;
			buildActionMask = 2147483647;
			files = (
				67FD94C51A4D250C00D6BFA8 /* ImageCollectionViewCell.m in Sources */,
				67FD95071A4D250C00D6BFA8 /* MonsterViewerViewController.m in Sources */,
				67FD95061A4D250C00D6BFA8 /* MonsterCreatorViewController.m in Sources */,
				67FD94C61A4D250C00D6BFA8 /* NetworkProgressBar.m in Sources */,
				67FD95051A4D250C00D6BFA8 /* main.m in Sources */,
				67FD94D21A4D250C00D6BFA8 /* MonsterPartsFactory.m in Sources */,
				67FD95081A4D250C00D6BFA8 /* SplashViewController.m in Sources */,
				67FD94C31A4D250C00D6BFA8 /* AppDelegate.m in Sources */,
				67FD94D31A4D250C00D6BFA8 /* MonsterPreferences.m in Sources */,
			);
			runOnlyForDeploymentPostprocessing = 0;
		};
/* End PBXSourcesBuildPhase section */

/* Begin PBXVariantGroup section */
		67FD945E1A4D250C00D6BFA8 /* Main.storyboard */ = {
			isa = PBXVariantGroup;
			children = (
				67FD945F1A4D250C00D6BFA8 /* Base */,
			);
			name = Main.storyboard;
			sourceTree = "<group>";
		};
/* End PBXVariantGroup section */

/* Begin XCBuildConfiguration section */
		6705920719BBAC630039DAE1 /* Debug */ = {
			isa = XCBuildConfiguration;
			buildSettings = {
				ALWAYS_SEARCH_USER_PATHS = NO;
				CLANG_ANALYZER_LOCALIZABILITY_NONLOCALIZED = YES;
				CLANG_CXX_LANGUAGE_STANDARD = "gnu++0x";
				CLANG_CXX_LIBRARY = "libc++";
				CLANG_ENABLE_MODULES = YES;
				CLANG_ENABLE_OBJC_ARC = YES;
				CLANG_WARN_BLOCK_CAPTURE_AUTORELEASING = YES;
				CLANG_WARN_BOOL_CONVERSION = YES;
				CLANG_WARN_COMMA = YES;
				CLANG_WARN_CONSTANT_CONVERSION = YES;
				CLANG_WARN_DEPRECATED_OBJC_IMPLEMENTATIONS = YES;
				CLANG_WARN_DIRECT_OBJC_ISA_USAGE = YES_ERROR;
				CLANG_WARN_EMPTY_BODY = YES;
				CLANG_WARN_ENUM_CONVERSION = YES;
				CLANG_WARN_INFINITE_RECURSION = YES;
				CLANG_WARN_INT_CONVERSION = YES;
				CLANG_WARN_NON_LITERAL_NULL_CONVERSION = YES;
				CLANG_WARN_OBJC_IMPLICIT_RETAIN_SELF = YES;
				CLANG_WARN_OBJC_LITERAL_CONVERSION = YES;
				CLANG_WARN_OBJC_ROOT_CLASS = YES_ERROR;
				CLANG_WARN_RANGE_LOOP_ANALYSIS = YES;
				CLANG_WARN_STRICT_PROTOTYPES = YES;
				CLANG_WARN_SUSPICIOUS_MOVE = YES;
				CLANG_WARN_UNREACHABLE_CODE = YES;
				CLANG_WARN__DUPLICATE_METHOD_MATCH = YES;
				"CODE_SIGN_IDENTITY[sdk=iphoneos*]" = "iPhone Developer";
				COPY_PHASE_STRIP = NO;
				ENABLE_STRICT_OBJC_MSGSEND = YES;
				ENABLE_TESTABILITY = YES;
				GCC_C_LANGUAGE_STANDARD = gnu99;
				GCC_DYNAMIC_NO_PIC = NO;
				GCC_NO_COMMON_BLOCKS = YES;
				GCC_OPTIMIZATION_LEVEL = 0;
				GCC_PREPROCESSOR_DEFINITIONS = (
					"DEBUG=1",
					"$(inherited)",
				);
				GCC_SYMBOLS_PRIVATE_EXTERN = NO;
				GCC_WARN_64_TO_32_BIT_CONVERSION = YES;
				GCC_WARN_ABOUT_RETURN_TYPE = YES_ERROR;
				GCC_WARN_UNDECLARED_SELECTOR = YES;
				GCC_WARN_UNINITIALIZED_AUTOS = YES_AGGRESSIVE;
				GCC_WARN_UNUSED_FUNCTION = YES;
				GCC_WARN_UNUSED_VARIABLE = YES;
				IPHONEOS_DEPLOYMENT_TARGET = 8.0;
				MTL_ENABLE_DEBUG_INFO = YES;
				ONLY_ACTIVE_ARCH = YES;
				SDKROOT = iphoneos;
				TARGETED_DEVICE_FAMILY = "1,2";
			};
			name = Debug;
		};
		6705920819BBAC630039DAE1 /* Release */ = {
			isa = XCBuildConfiguration;
			buildSettings = {
				ALWAYS_SEARCH_USER_PATHS = NO;
				CLANG_ANALYZER_LOCALIZABILITY_NONLOCALIZED = YES;
				CLANG_CXX_LANGUAGE_STANDARD = "gnu++0x";
				CLANG_CXX_LIBRARY = "libc++";
				CLANG_ENABLE_MODULES = YES;
				CLANG_ENABLE_OBJC_ARC = YES;
				CLANG_WARN_BLOCK_CAPTURE_AUTORELEASING = YES;
				CLANG_WARN_BOOL_CONVERSION = YES;
				CLANG_WARN_COMMA = YES;
				CLANG_WARN_CONSTANT_CONVERSION = YES;
				CLANG_WARN_DEPRECATED_OBJC_IMPLEMENTATIONS = YES;
				CLANG_WARN_DIRECT_OBJC_ISA_USAGE = YES_ERROR;
				CLANG_WARN_EMPTY_BODY = YES;
				CLANG_WARN_ENUM_CONVERSION = YES;
				CLANG_WARN_INFINITE_RECURSION = YES;
				CLANG_WARN_INT_CONVERSION = YES;
				CLANG_WARN_NON_LITERAL_NULL_CONVERSION = YES;
				CLANG_WARN_OBJC_IMPLICIT_RETAIN_SELF = YES;
				CLANG_WARN_OBJC_LITERAL_CONVERSION = YES;
				CLANG_WARN_OBJC_ROOT_CLASS = YES_ERROR;
				CLANG_WARN_RANGE_LOOP_ANALYSIS = YES;
				CLANG_WARN_STRICT_PROTOTYPES = YES;
				CLANG_WARN_SUSPICIOUS_MOVE = YES;
				CLANG_WARN_UNREACHABLE_CODE = YES;
				CLANG_WARN__DUPLICATE_METHOD_MATCH = YES;
				"CODE_SIGN_IDENTITY[sdk=iphoneos*]" = "iPhone Developer";
				COPY_PHASE_STRIP = YES;
				ENABLE_NS_ASSERTIONS = NO;
				ENABLE_STRICT_OBJC_MSGSEND = YES;
				GCC_C_LANGUAGE_STANDARD = gnu99;
				GCC_NO_COMMON_BLOCKS = YES;
				GCC_WARN_64_TO_32_BIT_CONVERSION = YES;
				GCC_WARN_ABOUT_RETURN_TYPE = YES_ERROR;
				GCC_WARN_UNDECLARED_SELECTOR = YES;
				GCC_WARN_UNINITIALIZED_AUTOS = YES_AGGRESSIVE;
				GCC_WARN_UNUSED_FUNCTION = YES;
				GCC_WARN_UNUSED_VARIABLE = YES;
				IPHONEOS_DEPLOYMENT_TARGET = 8.0;
				MTL_ENABLE_DEBUG_INFO = NO;
				SDKROOT = iphoneos;
				TARGETED_DEVICE_FAMILY = "1,2";
				VALIDATE_PRODUCT = YES;
			};
			name = Release;
		};
		6705920A19BBAC630039DAE1 /* Debug */ = {
			isa = XCBuildConfiguration;
			buildSettings = {
				ALWAYS_EMBED_SWIFT_STANDARD_LIBRARIES = NO;
				ASSETCATALOG_COMPILER_APPICON_NAME = AppIcon;
				ASSETCATALOG_COMPILER_LAUNCHIMAGE_NAME = LaunchImage;
				CODE_SIGN_ENTITLEMENTS = BranchMonsterFactory/Branchsters.entitlements;
				CODE_SIGN_IDENTITY = "Apple Development";
				"CODE_SIGN_IDENTITY[sdk=iphoneos*]" = "iPhone Developer";
				CODE_SIGN_STYLE = Automatic;
				DEVELOPMENT_ASSET_PATHS = "";
				DEVELOPMENT_TEAM = 99Q8L2A6M6;
				ENABLE_BITCODE = NO;
				FRAMEWORK_SEARCH_PATHS = (
					"$(inherited)",
					"$(PROJECT_DIR)/BranchMonsterFactory",
					"$(PROJECT_DIR)/BranchMonsterFactory/ExternalLibs",
					"$(PROJECT_DIR)/BranchMonsterFactory/ViewControllers",
					"$(PROJECT_DIR)/BranchMonsterFactory/CustomViews",
					"$(PROJECT_DIR)/BranchMonsterFactory/Helpers",
					"$(PROJECT_DIR)",
				);
				GCC_PREPROCESSOR_DEFINITIONS = "";
				INFOPLIST_FILE = "$(SRCROOT)/BranchMonsterFactory/Info.plist";
				LD_RUNPATH_SEARCH_PATHS = "$(inherited) @executable_path/Frameworks";
				PRODUCT_BUNDLE_IDENTIFIER = "SE-isabell-frischmann123";
				PRODUCT_NAME = Branchsters;
				PROVISIONING_PROFILE = "";
				PROVISIONING_PROFILE_SPECIFIER = "";
				TARGETED_DEVICE_FAMILY = 1;
			};
			name = Debug;
		};
		6705920B19BBAC630039DAE1 /* Release */ = {
			isa = XCBuildConfiguration;
			buildSettings = {
				ALWAYS_EMBED_SWIFT_STANDARD_LIBRARIES = NO;
				ASSETCATALOG_COMPILER_APPICON_NAME = AppIcon;
				ASSETCATALOG_COMPILER_LAUNCHIMAGE_NAME = LaunchImage;
				CODE_SIGN_ENTITLEMENTS = BranchMonsterFactory/Branchsters.entitlements;
				CODE_SIGN_IDENTITY = "Apple Development";
				"CODE_SIGN_IDENTITY[sdk=iphoneos*]" = "iPhone Developer";
				CODE_SIGN_STYLE = Automatic;
				DEVELOPMENT_ASSET_PATHS = "";
				DEVELOPMENT_TEAM = 99Q8L2A6M6;
				ENABLE_BITCODE = NO;
				FRAMEWORK_SEARCH_PATHS = (
					"$(inherited)",
					"$(PROJECT_DIR)/BranchMonsterFactory",
					"$(PROJECT_DIR)/BranchMonsterFactory/ExternalLibs",
					"$(PROJECT_DIR)/BranchMonsterFactory/ViewControllers",
					"$(PROJECT_DIR)/BranchMonsterFactory/CustomViews",
					"$(PROJECT_DIR)/BranchMonsterFactory/Helpers",
					"$(PROJECT_DIR)",
				);
				GCC_PREPROCESSOR_DEFINITIONS = "";
				INFOPLIST_FILE = "$(SRCROOT)/BranchMonsterFactory/Info.plist";
				LD_RUNPATH_SEARCH_PATHS = "$(inherited) @executable_path/Frameworks";
				PRODUCT_BUNDLE_IDENTIFIER = "SE-isabell-frischmann123";
				PRODUCT_NAME = Branchsters;
				PROVISIONING_PROFILE = "";
				PROVISIONING_PROFILE_SPECIFIER = "";
				TARGETED_DEVICE_FAMILY = 1;
			};
			name = Release;
		};
/* End XCBuildConfiguration section */

/* Begin XCConfigurationList section */
		670591E419BBAC630039DAE1 /* Build configuration list for PBXProject "BranchMonsterFactory" */ = {
			isa = XCConfigurationList;
			buildConfigurations = (
				6705920719BBAC630039DAE1 /* Debug */,
				6705920819BBAC630039DAE1 /* Release */,
			);
			defaultConfigurationIsVisible = 0;
			defaultConfigurationName = Release;
		};
		6705920919BBAC630039DAE1 /* Build configuration list for PBXNativeTarget "BranchMonsterFactory" */ = {
			isa = XCConfigurationList;
			buildConfigurations = (
				6705920A19BBAC630039DAE1 /* Debug */,
				6705920B19BBAC630039DAE1 /* Release */,
			);
			defaultConfigurationIsVisible = 0;
			defaultConfigurationName = Release;
		};
/* End XCConfigurationList section */
	};
	rootObject = 670591E119BBAC630039DAE1 /* Project object */;
}
